
Microsoft Visual Studio Solution File, Format Version 12.00
# Visual Studio Version 17
VisualStudioVersion = 17.4.33205.214
MinimumVisualStudioVersion = 10.0.40219.1
Project("{9A19103F-16F7-4668-BE54-9A1E7A4F7556}") = "Web.Api", "Web.Api\Web.Api.csproj", "{DED3465C-FE15-4307-8B79-7BE155BD8D63}"
EndProject
Project("{9A19103F-16F7-4668-BE54-9A1E7A4F7556}") = "Web.Business", "Web.Business\Web.Business.csproj", "{6B5F8261-317C-4E21-903C-D238C2841641}"
EndProject
Project("{9A19103F-16F7-4668-BE54-9A1E7A4F7556}") = "Web.Data", "Web.Data\Web.Data.csproj", "{2762F4D9-7271-44C8-BD84-361C9600F2A6}"
EndProject
Project("{9A19103F-16F7-4668-BE54-9A1E7A4F7556}") = "Web.Tests", "Web.Tests\Web.Tests.csproj", "{EABFBF6A-CE0F-46AC-ABE7-5A275875F26F}"
EndProject
Project("{FAE04EC0-301F-11D3-BF4B-00C04F79EFBC}") = "Web.Ioc", "Web.Ioc\Web.Ioc.csproj", "{2592F587-AE27-4028-903C-A23346657A7D}"
EndProject
Project("{FAE04EC0-301F-11D3-BF4B-00C04F79EFBC}") = "Web.Logger", "Web.Logger\Web.Logger.csproj", "{C5168DDB-C67D-4067-BF53-F6B0719A138F}"
EndProject
Global
	GlobalSection(SolutionConfigurationPlatforms) = preSolution
		Debug|Any CPU = Debug|Any CPU
		Release|Any CPU = Release|Any CPU
	EndGlobalSection
	GlobalSection(ProjectConfigurationPlatforms) = postSolution
		{DED3465C-FE15-4307-8B79-7BE155BD8D63}.Debug|Any CPU.ActiveCfg = Debug|Any CPU
		{DED3465C-FE15-4307-8B79-7BE155BD8D63}.Debug|Any CPU.Build.0 = Debug|Any CPU
		{DED3465C-FE15-4307-8B79-7BE155BD8D63}.Release|Any CPU.ActiveCfg = Release|Any CPU
		{DED3465C-FE15-4307-8B79-7BE155BD8D63}.Release|Any CPU.Build.0 = Release|Any CPU
		{6B5F8261-317C-4E21-903C-D238C2841641}.Debug|Any CPU.ActiveCfg = Debug|Any CPU
		{6B5F8261-317C-4E21-903C-D238C2841641}.Debug|Any CPU.Build.0 = Debug|Any CPU
		{6B5F8261-317C-4E21-903C-D238C2841641}.Release|Any CPU.ActiveCfg = Release|Any CPU
		{6B5F8261-317C-4E21-903C-D238C2841641}.Release|Any CPU.Build.0 = Release|Any CPU
		{2762F4D9-7271-44C8-BD84-361C9600F2A6}.Debug|Any CPU.ActiveCfg = Debug|Any CPU
		{2762F4D9-7271-44C8-BD84-361C9600F2A6}.Debug|Any CPU.Build.0 = Debug|Any CPU
		{2762F4D9-7271-44C8-BD84-361C9600F2A6}.Release|Any CPU.ActiveCfg = Release|Any CPU
		{2762F4D9-7271-44C8-BD84-361C9600F2A6}.Release|Any CPU.Build.0 = Release|Any CPU
		{EABFBF6A-CE0F-46AC-ABE7-5A275875F26F}.Debug|Any CPU.ActiveCfg = Debug|Any CPU
		{EABFBF6A-CE0F-46AC-ABE7-5A275875F26F}.Debug|Any CPU.Build.0 = Debug|Any CPU
		{EABFBF6A-CE0F-46AC-ABE7-5A275875F26F}.Release|Any CPU.ActiveCfg = Release|Any CPU
		{EABFBF6A-CE0F-46AC-ABE7-5A275875F26F}.Release|Any CPU.Build.0 = Release|Any CPU
		{2592F587-AE27-4028-903C-A23346657A7D}.Debug|Any CPU.ActiveCfg = Debug|Any CPU
		{2592F587-AE27-4028-903C-A23346657A7D}.Debug|Any CPU.Build.0 = Debug|Any CPU
		{2592F587-AE27-4028-903C-A23346657A7D}.Release|Any CPU.ActiveCfg = Release|Any CPU
		{2592F587-AE27-4028-903C-A23346657A7D}.Release|Any CPU.Build.0 = Release|Any CPU
		{C5168DDB-C67D-4067-BF53-F6B0719A138F}.Debug|Any CPU.ActiveCfg = Debug|Any CPU
		{C5168DDB-C67D-4067-BF53-F6B0719A138F}.Debug|Any CPU.Build.0 = Debug|Any CPU
		{C5168DDB-C67D-4067-BF53-F6B0719A138F}.Release|Any CPU.ActiveCfg = Release|Any CPU
		{C5168DDB-C67D-4067-BF53-F6B0719A138F}.Release|Any CPU.Build.0 = Release|Any CPU
	EndGlobalSection
	GlobalSection(SolutionProperties) = preSolution
		HideSolutionNode = FALSE
	EndGlobalSection
	GlobalSection(ExtensibilityGlobals) = postSolution
		SolutionGuid = {E81FA3CF-1DBD-4F00-8080-731294F8E597}
	EndGlobalSection
EndGlobal
